{
  "version": 4,
  "terraform_version": "1.7.3",
  "serial": 44,
  "lineage": "4d1b4057-a0ee-5d02-f96c-0dcabcc6dc5d",
  "outputs": {},
  "resources": [
    {
      "mode": "data",
      "type": "google_compute_network",
      "name": "vpc-default",
      "provider": "provider[\"registry.terraform.io/hashicorp/google\"]",
      "instances": [
        {
          "schema_version": 0,
          "attributes": {
            "description": "Default network for the project",
            "gateway_ipv4": "",
            "id": "projects/batch11-terraform/global/networks/default",
            "internal_ipv6_range": "",
            "name": "default",
            "project": null,
            "self_link": "https://www.googleapis.com/compute/v1/projects/batch11-terraform/global/networks/default",
            "subnetworks_self_links": [
              "https://www.googleapis.com/compute/v1/projects/batch11-terraform/regions/me-central1/subnetworks/default",
              "https://www.googleapis.com/compute/v1/projects/batch11-terraform/regions/asia-southeast2/subnetworks/default",
              "https://www.googleapis.com/compute/v1/projects/batch11-terraform/regions/southamerica-east1/subnetworks/default",
              "https://www.googleapis.com/compute/v1/projects/batch11-terraform/regions/me-central2/subnetworks/default",
              "https://www.googleapis.com/compute/v1/projects/batch11-terraform/regions/asia-east2/subnetworks/default",
              "https://www.googleapis.com/compute/v1/projects/batch11-terraform/regions/us-central1/subnetworks/default",
              "https://www.googleapis.com/compute/v1/projects/batch11-terraform/regions/europe-west9/subnetworks/default",
              "https://www.googleapis.com/compute/v1/projects/batch11-terraform/regions/asia-northeast1/subnetworks/default",
              "https://www.googleapis.com/compute/v1/projects/batch11-terraform/regions/us-west1/subnetworks/default",
              "https://www.googleapis.com/compute/v1/projects/batch11-terraform/regions/europe-west3/subnetworks/default",
              "https://www.googleapis.com/compute/v1/projects/batch11-terraform/regions/us-south1/subnetworks/default",
              "https://www.googleapis.com/compute/v1/projects/batch11-terraform/regions/asia-northeast2/subnetworks/default",
              "https://www.googleapis.com/compute/v1/projects/batch11-terraform/regions/europe-west2/subnetworks/default",
              "https://www.googleapis.com/compute/v1/projects/batch11-terraform/regions/us-east1/subnetworks/default",
              "https://www.googleapis.com/compute/v1/projects/batch11-terraform/regions/us-east4/subnetworks/default",
              "https://www.googleapis.com/compute/v1/projects/batch11-terraform/regions/europe-north1/subnetworks/default",
              "https://www.googleapis.com/compute/v1/projects/batch11-terraform/regions/us-central1/subnetworks/subnet-test",
              "https://www.googleapis.com/compute/v1/projects/batch11-terraform/regions/europe-west1/subnetworks/default",
              "https://www.googleapis.com/compute/v1/projects/batch11-terraform/regions/australia-southeast2/subnetworks/default",
              "https://www.googleapis.com/compute/v1/projects/batch11-terraform/regions/asia-southeast1/subnetworks/default",
              "https://www.googleapis.com/compute/v1/projects/batch11-terraform/regions/europe-west8/subnetworks/default",
              "https://www.googleapis.com/compute/v1/projects/batch11-terraform/regions/asia-northeast3/subnetworks/default",
              "https://www.googleapis.com/compute/v1/projects/batch11-terraform/regions/asia-south2/subnetworks/default",
              "https://www.googleapis.com/compute/v1/projects/batch11-terraform/regions/northamerica-northeast1/subnetworks/default",
              "https://www.googleapis.com/compute/v1/projects/batch11-terraform/regions/us-west3/subnetworks/default",
              "https://www.googleapis.com/compute/v1/projects/batch11-terraform/regions/europe-west12/subnetworks/default",
              "https://www.googleapis.com/compute/v1/projects/batch11-terraform/regions/me-west1/subnetworks/default",
              "https://www.googleapis.com/compute/v1/projects/batch11-terraform/regions/australia-southeast1/subnetworks/default",
              "https://www.googleapis.com/compute/v1/projects/batch11-terraform/regions/asia-south1/subnetworks/default",
              "https://www.googleapis.com/compute/v1/projects/batch11-terraform/regions/us-west4/subnetworks/default",
              "https://www.googleapis.com/compute/v1/projects/batch11-terraform/regions/europe-west4/subnetworks/default",
              "https://www.googleapis.com/compute/v1/projects/batch11-terraform/regions/asia-east1/subnetworks/default",
              "https://www.googleapis.com/compute/v1/projects/batch11-terraform/regions/us-east5/subnetworks/default",
              "https://www.googleapis.com/compute/v1/projects/batch11-terraform/regions/us-west2/subnetworks/default",
              "https://www.googleapis.com/compute/v1/projects/batch11-terraform/regions/europe-central2/subnetworks/default",
              "https://www.googleapis.com/compute/v1/projects/batch11-terraform/regions/europe-west6/subnetworks/default",
              "https://www.googleapis.com/compute/v1/projects/batch11-terraform/regions/africa-south1/subnetworks/default",
              "https://www.googleapis.com/compute/v1/projects/batch11-terraform/regions/northamerica-northeast2/subnetworks/default",
              "https://www.googleapis.com/compute/v1/projects/batch11-terraform/regions/southamerica-west1/subnetworks/default",
              "https://www.googleapis.com/compute/v1/projects/batch11-terraform/regions/europe-west10/subnetworks/default",
              "https://www.googleapis.com/compute/v1/projects/batch11-terraform/regions/europe-southwest1/subnetworks/default"
            ]
          },
          "sensitive_attributes": []
        }
      ]
    },
    {
      "mode": "managed",
      "type": "google_compute_firewall",
      "name": "firewall_rule",
      "provider": "provider[\"registry.terraform.io/hashicorp/google\"]",
      "instances": [
        {
          "schema_version": 1,
          "attributes": {
            "allow": [
              {
                "ports": [
                  "80",
                  "8080",
                  "1000-2000",
                  "5432"
                ],
                "protocol": "tcp"
              },
              {
                "ports": [],
                "protocol": "icmp"
              }
            ],
            "creation_timestamp": "2024-02-13T05:47:09.012-08:00",
            "deny": [],
            "description": "",
            "destination_ranges": [],
            "direction": "INGRESS",
            "disabled": false,
            "enable_logging": null,
            "id": "projects/batch11-terraform/global/firewalls/allow-apps-and-db",
            "log_config": [],
            "name": "allow-apps-and-db",
            "network": "https://www.googleapis.com/compute/v1/projects/batch11-terraform/global/networks/vpc-dev",
            "priority": 1000,
            "project": "batch11-terraform",
            "self_link": "https://www.googleapis.com/compute/v1/projects/batch11-terraform/global/firewalls/allow-apps-and-db",
            "source_ranges": [],
            "source_service_accounts": [],
            "source_tags": [
              "apps",
              "db",
              "http"
            ],
            "target_service_accounts": [],
            "target_tags": [],
            "timeouts": null
          },
          "sensitive_attributes": [],
          "private": "eyJlMmJmYjczMC1lY2FhLTExZTYtOGY4OC0zNDM2M2JjN2M0YzAiOnsiY3JlYXRlIjoxMjAwMDAwMDAwMDAwLCJkZWxldGUiOjEyMDAwMDAwMDAwMDAsInVwZGF0ZSI6MTIwMDAwMDAwMDAwMH0sInNjaGVtYV92ZXJzaW9uIjoiMSJ9",
          "dependencies": [
            "google_compute_network.vpc_network"
          ]
        }
      ]
    },
    {
      "mode": "managed",
      "type": "google_compute_instance",
      "name": "dev-apps-01",
      "provider": "provider[\"registry.terraform.io/hashicorp/google\"]",
      "instances": [
        {
          "schema_version": 6,
          "attributes": {
            "advanced_machine_features": [],
            "allow_stopping_for_update": null,
            "attached_disk": [],
            "boot_disk": [
              {
                "auto_delete": true,
                "device_name": "persistent-disk-0",
                "disk_encryption_key_raw": "",
                "disk_encryption_key_sha256": "",
                "initialize_params": [
                  {
                    "enable_confidential_compute": false,
                    "image": "https://www.googleapis.com/compute/v1/projects/ubuntu-os-cloud/global/images/ubuntu-2204-jammy-v20240208",
                    "labels": {},
                    "provisioned_iops": 0,
                    "provisioned_throughput": 0,
                    "resource_manager_tags": {},
                    "size": 10,
                    "type": "pd-standard"
                  }
                ],
                "kms_key_self_link": "",
                "mode": "READ_WRITE",
                "source": "https://www.googleapis.com/compute/v1/projects/batch11-terraform/zones/us-central1-a/disks/staging-apps-01"
              }
            ],
            "can_ip_forward": false,
            "confidential_instance_config": [],
            "cpu_platform": "Intel Broadwell",
            "current_status": "RUNNING",
            "deletion_protection": false,
            "description": "",
            "desired_status": null,
            "effective_labels": {},
            "enable_display": false,
            "guest_accelerator": [],
            "hostname": "",
            "id": "projects/batch11-terraform/zones/us-central1-a/instances/staging-apps-01",
            "instance_id": "2687549275782956579",
            "label_fingerprint": "42WmSpB8rSM=",
            "labels": {},
            "machine_type": "e2-micro",
            "metadata": {},
            "metadata_fingerprint": "OlY8ZvFrkso=",
            "metadata_startup_script": null,
            "min_cpu_platform": "",
            "name": "staging-apps-01",
            "network_interface": [
              {
                "access_config": [
                  {
                    "nat_ip": "34.42.53.142",
                    "network_tier": "PREMIUM",
                    "public_ptr_domain_name": ""
                  }
                ],
                "alias_ip_range": [],
                "internal_ipv6_prefix_length": 0,
                "ipv6_access_config": [],
                "ipv6_access_type": "",
                "ipv6_address": "",
                "name": "nic0",
                "network": "https://www.googleapis.com/compute/v1/projects/batch11-terraform/global/networks/vpc-dev",
                "network_ip": "10.2.0.5",
                "nic_type": "",
                "queue_count": 0,
                "stack_type": "IPV4_ONLY",
                "subnetwork": "https://www.googleapis.com/compute/v1/projects/batch11-terraform/regions/us-central1/subnetworks/subnet-apps",
                "subnetwork_project": "batch11-terraform"
              }
            ],
            "network_performance_config": [],
            "params": [],
            "project": "batch11-terraform",
            "reservation_affinity": [],
            "resource_policies": [],
            "scheduling": [
              {
                "automatic_restart": true,
                "instance_termination_action": "",
                "local_ssd_recovery_timeout": [],
                "min_node_cpus": 0,
                "node_affinities": [],
                "on_host_maintenance": "MIGRATE",
                "preemptible": false,
                "provisioning_model": "STANDARD"
              }
            ],
            "scratch_disk": [],
            "self_link": "https://www.googleapis.com/compute/v1/projects/batch11-terraform/zones/us-central1-a/instances/staging-apps-01",
            "service_account": [],
            "shielded_instance_config": [
              {
                "enable_integrity_monitoring": true,
                "enable_secure_boot": false,
                "enable_vtpm": true
              }
            ],
            "tags": [
              "apps",
              "dev",
              "http"
            ],
            "tags_fingerprint": "9OmO8whEe6w=",
            "terraform_labels": {},
            "timeouts": null,
            "zone": "us-central1-a"
          },
          "sensitive_attributes": [],
          "private": "eyJlMmJmYjczMC1lY2FhLTExZTYtOGY4OC0zNDM2M2JjN2M0YzAiOnsiY3JlYXRlIjoxMjAwMDAwMDAwMDAwLCJkZWxldGUiOjEyMDAwMDAwMDAwMDAsInVwZGF0ZSI6MTIwMDAwMDAwMDAwMH0sInNjaGVtYV92ZXJzaW9uIjoiNiJ9",
          "dependencies": [
            "google_compute_network.vpc_network",
            "google_compute_subnetwork.subnet_apps"
          ]
        }
      ]
    },
    {
      "mode": "managed",
      "type": "google_compute_instance",
      "name": "dev-db-01",
      "provider": "provider[\"registry.terraform.io/hashicorp/google\"]",
      "instances": [
        {
          "schema_version": 6,
          "attributes": {
            "advanced_machine_features": [],
            "allow_stopping_for_update": null,
            "attached_disk": [],
            "boot_disk": [
              {
                "auto_delete": true,
                "device_name": "persistent-disk-0",
                "disk_encryption_key_raw": "",
                "disk_encryption_key_sha256": "",
                "initialize_params": [
                  {
                    "enable_confidential_compute": false,
                    "image": "https://www.googleapis.com/compute/v1/projects/ubuntu-os-cloud/global/images/ubuntu-2204-jammy-v20240208",
                    "labels": {},
                    "provisioned_iops": 0,
                    "provisioned_throughput": 0,
                    "resource_manager_tags": {},
                    "size": 10,
                    "type": "pd-standard"
                  }
                ],
                "kms_key_self_link": "",
                "mode": "READ_WRITE",
                "source": "https://www.googleapis.com/compute/v1/projects/batch11-terraform/zones/us-central1-a/disks/staging-db-01"
              }
            ],
            "can_ip_forward": false,
            "confidential_instance_config": [],
            "cpu_platform": "Intel Broadwell",
            "current_status": "RUNNING",
            "deletion_protection": false,
            "description": "",
            "desired_status": null,
            "effective_labels": {},
            "enable_display": false,
            "guest_accelerator": [],
            "hostname": "",
            "id": "projects/batch11-terraform/zones/us-central1-a/instances/staging-db-01",
            "instance_id": "7369144279318840928",
            "label_fingerprint": "42WmSpB8rSM=",
            "labels": {},
            "machine_type": "e2-micro",
            "metadata": {},
            "metadata_fingerprint": "OlY8ZvFrkso=",
            "metadata_startup_script": null,
            "min_cpu_platform": "",
            "name": "staging-db-01",
            "network_interface": [
              {
                "access_config": [
                  {
                    "nat_ip": "34.42.168.106",
                    "network_tier": "PREMIUM",
                    "public_ptr_domain_name": ""
                  }
                ],
                "alias_ip_range": [],
                "internal_ipv6_prefix_length": 0,
                "ipv6_access_config": [],
                "ipv6_access_type": "",
                "ipv6_address": "",
                "name": "nic0",
                "network": "https://www.googleapis.com/compute/v1/projects/batch11-terraform/global/networks/vpc-dev",
                "network_ip": "10.3.0.3",
                "nic_type": "",
                "queue_count": 0,
                "stack_type": "IPV4_ONLY",
                "subnetwork": "https://www.googleapis.com/compute/v1/projects/batch11-terraform/regions/us-central1/subnetworks/subnet-db",
                "subnetwork_project": "batch11-terraform"
              }
            ],
            "network_performance_config": [],
            "params": [],
            "project": "batch11-terraform",
            "reservation_affinity": [],
            "resource_policies": [],
            "scheduling": [
              {
                "automatic_restart": true,
                "instance_termination_action": "",
                "local_ssd_recovery_timeout": [],
                "min_node_cpus": 0,
                "node_affinities": [],
                "on_host_maintenance": "MIGRATE",
                "preemptible": false,
                "provisioning_model": "STANDARD"
              }
            ],
            "scratch_disk": [],
            "self_link": "https://www.googleapis.com/compute/v1/projects/batch11-terraform/zones/us-central1-a/instances/staging-db-01",
            "service_account": [],
            "shielded_instance_config": [
              {
                "enable_integrity_monitoring": true,
                "enable_secure_boot": false,
                "enable_vtpm": true
              }
            ],
            "tags": [
              "apps",
              "db",
              "dev"
            ],
            "tags_fingerprint": "JxgYuuJaMR4=",
            "terraform_labels": {},
            "timeouts": null,
            "zone": "us-central1-a"
          },
          "sensitive_attributes": [],
          "private": "eyJlMmJmYjczMC1lY2FhLTExZTYtOGY4OC0zNDM2M2JjN2M0YzAiOnsiY3JlYXRlIjoxMjAwMDAwMDAwMDAwLCJkZWxldGUiOjEyMDAwMDAwMDAwMDAsInVwZGF0ZSI6MTIwMDAwMDAwMDAwMH0sInNjaGVtYV92ZXJzaW9uIjoiNiJ9",
          "dependencies": [
            "google_compute_network.vpc_network",
            "google_compute_subnetwork.subnet_db"
          ]
        }
      ]
    },
    {
      "mode": "managed",
      "type": "google_compute_network",
      "name": "vpc_network",
      "provider": "provider[\"registry.terraform.io/hashicorp/google\"]",
      "instances": [
        {
          "schema_version": 0,
          "attributes": {
            "auto_create_subnetworks": false,
            "delete_default_routes_on_create": false,
            "description": "",
            "enable_ula_internal_ipv6": false,
            "gateway_ipv4": "",
            "id": "projects/batch11-terraform/global/networks/vpc-dev",
            "internal_ipv6_range": "",
            "mtu": 0,
            "name": "vpc-dev",
            "network_firewall_policy_enforcement_order": "AFTER_CLASSIC_FIREWALL",
            "numeric_id": "596535660222272617",
            "project": "batch11-terraform",
            "routing_mode": "REGIONAL",
            "self_link": "https://www.googleapis.com/compute/v1/projects/batch11-terraform/global/networks/vpc-dev",
            "timeouts": null
          },
          "sensitive_attributes": [],
          "private": "eyJlMmJmYjczMC1lY2FhLTExZTYtOGY4OC0zNDM2M2JjN2M0YzAiOnsiY3JlYXRlIjoxMjAwMDAwMDAwMDAwLCJkZWxldGUiOjEyMDAwMDAwMDAwMDAsInVwZGF0ZSI6MTIwMDAwMDAwMDAwMH19"
        }
      ]
    },
    {
      "mode": "managed",
      "type": "google_compute_subnetwork",
      "name": "subnet-test",
      "provider": "provider[\"registry.terraform.io/hashicorp/google\"]",
      "instances": [
        {
          "schema_version": 0,
          "attributes": {
            "creation_timestamp": "2024-02-13T06:03:43.346-08:00",
            "description": "",
            "external_ipv6_prefix": "",
            "fingerprint": null,
            "gateway_address": "192.168.10.1",
            "id": "projects/batch11-terraform/regions/us-central1/subnetworks/subnet-test",
            "internal_ipv6_prefix": "",
            "ip_cidr_range": "192.168.10.0/24",
            "ipv6_access_type": "",
            "ipv6_cidr_range": "",
            "log_config": [],
            "name": "subnet-test",
            "network": "https://www.googleapis.com/compute/v1/projects/batch11-terraform/global/networks/default",
            "private_ip_google_access": false,
            "private_ipv6_google_access": "DISABLE_GOOGLE_ACCESS",
            "project": "batch11-terraform",
            "purpose": "PRIVATE",
            "region": "us-central1",
            "role": "",
            "secondary_ip_range": [],
            "self_link": "https://www.googleapis.com/compute/v1/projects/batch11-terraform/regions/us-central1/subnetworks/subnet-test",
            "stack_type": "IPV4_ONLY",
            "timeouts": null
          },
          "sensitive_attributes": [],
          "private": "eyJlMmJmYjczMC1lY2FhLTExZTYtOGY4OC0zNDM2M2JjN2M0YzAiOnsiY3JlYXRlIjoxMjAwMDAwMDAwMDAwLCJkZWxldGUiOjEyMDAwMDAwMDAwMDAsInVwZGF0ZSI6MTIwMDAwMDAwMDAwMH19",
          "dependencies": [
            "data.google_compute_network.vpc-default"
          ]
        }
      ]
    },
    {
      "mode": "managed",
      "type": "google_compute_subnetwork",
      "name": "subnet_apps",
      "provider": "provider[\"registry.terraform.io/hashicorp/google\"]",
      "instances": [
        {
          "schema_version": 0,
          "attributes": {
            "creation_timestamp": "2024-02-13T05:23:08.464-08:00",
            "description": "",
            "external_ipv6_prefix": "",
            "fingerprint": null,
            "gateway_address": "10.2.0.1",
            "id": "projects/batch11-terraform/regions/us-central1/subnetworks/subnet-apps",
            "internal_ipv6_prefix": "",
            "ip_cidr_range": "10.2.0.0/24",
            "ipv6_access_type": "",
            "ipv6_cidr_range": "",
            "log_config": [],
            "name": "subnet-apps",
            "network": "https://www.googleapis.com/compute/v1/projects/batch11-terraform/global/networks/vpc-dev",
            "private_ip_google_access": false,
            "private_ipv6_google_access": "DISABLE_GOOGLE_ACCESS",
            "project": "batch11-terraform",
            "purpose": "PRIVATE",
            "region": "us-central1",
            "role": "",
            "secondary_ip_range": [],
            "self_link": "https://www.googleapis.com/compute/v1/projects/batch11-terraform/regions/us-central1/subnetworks/subnet-apps",
            "stack_type": "IPV4_ONLY",
            "timeouts": null
          },
          "sensitive_attributes": [],
          "private": "eyJlMmJmYjczMC1lY2FhLTExZTYtOGY4OC0zNDM2M2JjN2M0YzAiOnsiY3JlYXRlIjoxMjAwMDAwMDAwMDAwLCJkZWxldGUiOjEyMDAwMDAwMDAwMDAsInVwZGF0ZSI6MTIwMDAwMDAwMDAwMH19",
          "dependencies": [
            "google_compute_network.vpc_network"
          ]
        }
      ]
    },
    {
      "mode": "managed",
      "type": "google_compute_subnetwork",
      "name": "subnet_db",
      "provider": "provider[\"registry.terraform.io/hashicorp/google\"]",
      "instances": [
        {
          "schema_version": 0,
          "attributes": {
            "creation_timestamp": "2024-02-13T05:23:08.653-08:00",
            "description": "",
            "external_ipv6_prefix": "",
            "fingerprint": null,
            "gateway_address": "10.3.0.1",
            "id": "projects/batch11-terraform/regions/us-central1/subnetworks/subnet-db",
            "internal_ipv6_prefix": "",
            "ip_cidr_range": "10.3.0.0/24",
            "ipv6_access_type": "",
            "ipv6_cidr_range": "",
            "log_config": [],
            "name": "subnet-db",
            "network": "https://www.googleapis.com/compute/v1/projects/batch11-terraform/global/networks/vpc-dev",
            "private_ip_google_access": false,
            "private_ipv6_google_access": "DISABLE_GOOGLE_ACCESS",
            "project": "batch11-terraform",
            "purpose": "PRIVATE",
            "region": "us-central1",
            "role": "",
            "secondary_ip_range": [],
            "self_link": "https://www.googleapis.com/compute/v1/projects/batch11-terraform/regions/us-central1/subnetworks/subnet-db",
            "stack_type": "IPV4_ONLY",
            "timeouts": null
          },
          "sensitive_attributes": [],
          "private": "eyJlMmJmYjczMC1lY2FhLTExZTYtOGY4OC0zNDM2M2JjN2M0YzAiOnsiY3JlYXRlIjoxMjAwMDAwMDAwMDAwLCJkZWxldGUiOjEyMDAwMDAwMDAwMDAsInVwZGF0ZSI6MTIwMDAwMDAwMDAwMH19",
          "dependencies": [
            "google_compute_network.vpc_network"
          ]
        }
      ]
    },
    {
      "mode": "managed",
      "type": "google_storage_bucket",
      "name": "bucket",
      "provider": "provider[\"registry.terraform.io/hashicorp/google\"]",
      "instances": [
        {
          "schema_version": 1,
          "attributes": {
            "autoclass": [],
            "cors": [],
            "custom_placement_config": [],
            "default_event_based_hold": false,
            "effective_labels": {},
            "enable_object_retention": false,
            "encryption": [],
            "force_destroy": true,
            "id": "batch11-terraform-bucket",
            "labels": null,
            "lifecycle_rule": [],
            "location": "US",
            "logging": [],
            "name": "batch11-terraform-bucket",
            "project": "batch11-terraform",
            "public_access_prevention": "enforced",
            "requester_pays": false,
            "retention_policy": [],
            "rpo": "DEFAULT",
            "self_link": "https://www.googleapis.com/storage/v1/b/batch11-terraform-bucket",
            "storage_class": "STANDARD",
            "terraform_labels": {},
            "timeouts": null,
            "uniform_bucket_level_access": false,
            "url": "gs://batch11-terraform-bucket",
            "versioning": [],
            "website": []
          },
          "sensitive_attributes": [],
          "private": "eyJlMmJmYjczMC1lY2FhLTExZTYtOGY4OC0zNDM2M2JjN2M0YzAiOnsiY3JlYXRlIjo2MDAwMDAwMDAwMDAsInJlYWQiOjI0MDAwMDAwMDAwMCwidXBkYXRlIjoyNDAwMDAwMDAwMDB9LCJzY2hlbWFfdmVyc2lvbiI6IjEifQ=="
        }
      ]
    }
  ],
  "check_results": null
}
